
Microsoft Visual Studio Solution File, Format Version 12.00
# Visual Studio Version 17
VisualStudioVersion = 17.6.33927.249
MinimumVisualStudioVersion = 10.0.40219.1
Project("{FAE04EC0-301F-11D3-BF4B-00C04F79EFBC}") = "BetterCalculator", "BetterCalculator\BetterCalculator.csproj", "{B4E12360-6BEE-41C2-B244-82E24B93811E}"
EndProject
Global
	GlobalSection(SolutionConfigurationPlatforms) = preSolution
		Debug|Any CPU = Debug|Any CPU
		Release|Any CPU = Release|Any CPU
	EndGlobalSection
	GlobalSection(ProjectConfigurationPlatforms) = postSolution
		{B4E12360-6BEE-41C2-B244-82E24B93811E}.Debug|Any CPU.ActiveCfg = Debug|Any CPU
		{B4E12360-6BEE-41C2-B244-82E24B93811E}.Debug|Any CPU.Build.0 = Debug|Any CPU
		{B4E12360-6BEE-41C2-B244-82E24B93811E}.Release|Any CPU.ActiveCfg = Release|Any CPU
		{B4E12360-6BEE-41C2-B244-82E24B93811E}.Release|Any CPU.Build.0 = Release|Any CPU
	EndGlobalSection
	GlobalSection(SolutionProperties) = preSolution
		HideSolutionNode = FALSE
	EndGlobalSection
	GlobalSection(ExtensibilityGlobals) = postSolution
		SolutionGuid = {F0EF85C8-D02F-4816-A2E6-09C61FD46955}
	EndGlobalSection
EndGlobal
